
Microsoft Visual Studio Solution File, Format Version 12.00
# Visual Studio Version 16
VisualStudioVersion = 16.0.30804.86
MinimumVisualStudioVersion = 10.0.40219.1
Project("{2150E333-8FDC-42A3-9474-1A3956D46DE8}") = "app", "app", "{D90C9FB9-D63F-4ADA-8FC6-45BA25A8726A}"
EndProject
Project("{9A19103F-16F7-4668-BE54-9A1E7A4F7556}") = "tinyBank.app", "app\tinyBank.app\tinyBank.app.csproj", "{B5D8F6D0-C5D5-4C40-9313-C0CE3FA8C666}"
EndProject
Project("{2150E333-8FDC-42A3-9474-1A3956D46DE8}") = "src", "src", "{1EC2088F-1FDD-4A7A-A64F-2A576B2AE728}"
EndProject
Project("{9A19103F-16F7-4668-BE54-9A1E7A4F7556}") = "tinyBank.Core", "src\tinyBank.Core\tinyBank.Core.csproj", "{FEBC5322-8AEF-41E6-97B0-4B064C2D0484}"
EndProject
Project("{2150E333-8FDC-42A3-9474-1A3956D46DE8}") = "tests", "tests", "{35A0FFE7-2C15-4974-AC28-8FE6D53F8748}"
EndProject
Project("{FAE04EC0-301F-11D3-BF4B-00C04F79EFBC}") = "tinyBank.Core.Tests", "tests\tinyBank.Core.Tests\tinyBank.Core.Tests.csproj", "{D23CA427-19A9-4FB9-9150-FF197DA3B248}"
EndProject
Global
	GlobalSection(SolutionConfigurationPlatforms) = preSolution
		Debug|Any CPU = Debug|Any CPU
		Release|Any CPU = Release|Any CPU
	EndGlobalSection
	GlobalSection(ProjectConfigurationPlatforms) = postSolution
		{B5D8F6D0-C5D5-4C40-9313-C0CE3FA8C666}.Debug|Any CPU.ActiveCfg = Debug|Any CPU
		{B5D8F6D0-C5D5-4C40-9313-C0CE3FA8C666}.Debug|Any CPU.Build.0 = Debug|Any CPU
		{B5D8F6D0-C5D5-4C40-9313-C0CE3FA8C666}.Release|Any CPU.ActiveCfg = Release|Any CPU
		{B5D8F6D0-C5D5-4C40-9313-C0CE3FA8C666}.Release|Any CPU.Build.0 = Release|Any CPU
		{FEBC5322-8AEF-41E6-97B0-4B064C2D0484}.Debug|Any CPU.ActiveCfg = Debug|Any CPU
		{FEBC5322-8AEF-41E6-97B0-4B064C2D0484}.Debug|Any CPU.Build.0 = Debug|Any CPU
		{FEBC5322-8AEF-41E6-97B0-4B064C2D0484}.Release|Any CPU.ActiveCfg = Release|Any CPU
		{FEBC5322-8AEF-41E6-97B0-4B064C2D0484}.Release|Any CPU.Build.0 = Release|Any CPU
		{D23CA427-19A9-4FB9-9150-FF197DA3B248}.Debug|Any CPU.ActiveCfg = Debug|Any CPU
		{D23CA427-19A9-4FB9-9150-FF197DA3B248}.Debug|Any CPU.Build.0 = Debug|Any CPU
		{D23CA427-19A9-4FB9-9150-FF197DA3B248}.Release|Any CPU.ActiveCfg = Release|Any CPU
		{D23CA427-19A9-4FB9-9150-FF197DA3B248}.Release|Any CPU.Build.0 = Release|Any CPU
	EndGlobalSection
	GlobalSection(SolutionProperties) = preSolution
		HideSolutionNode = FALSE
	EndGlobalSection
	GlobalSection(NestedProjects) = preSolution
		{B5D8F6D0-C5D5-4C40-9313-C0CE3FA8C666} = {D90C9FB9-D63F-4ADA-8FC6-45BA25A8726A}
		{FEBC5322-8AEF-41E6-97B0-4B064C2D0484} = {1EC2088F-1FDD-4A7A-A64F-2A576B2AE728}
		{D23CA427-19A9-4FB9-9150-FF197DA3B248} = {35A0FFE7-2C15-4974-AC28-8FE6D53F8748}
	EndGlobalSection
	GlobalSection(ExtensibilityGlobals) = postSolution
		SolutionGuid = {655E2A04-3C9D-4586-BE5F-6B8B5C742EAB}
	EndGlobalSection
EndGlobal
